
Microsoft Visual Studio Solution File, Format Version 12.00
# Visual Studio Version 16
VisualStudioVersion = 16.0.29201.188
MinimumVisualStudioVersion = 10.0.40219.1
Project("{FAE04EC0-301F-11D3-BF4B-00C04F79EFBC}") = "AssignmentAPI", "AssignmentAPI\AssignmentAPI.csproj", "{4859F1AF-C97E-41FB-88C4-205825C0EF88}"
EndProject
Global
	GlobalSection(SolutionConfigurationPlatforms) = preSolution
		Debug|Any CPU = Debug|Any CPU
		Release|Any CPU = Release|Any CPU
	EndGlobalSection
	GlobalSection(ProjectConfigurationPlatforms) = postSolution
		{4859F1AF-C97E-41FB-88C4-205825C0EF88}.Debug|Any CPU.ActiveCfg = Debug|Any CPU
		{4859F1AF-C97E-41FB-88C4-205825C0EF88}.Debug|Any CPU.Build.0 = Debug|Any CPU
		{4859F1AF-C97E-41FB-88C4-205825C0EF88}.Release|Any CPU.ActiveCfg = Release|Any CPU
		{4859F1AF-C97E-41FB-88C4-205825C0EF88}.Release|Any CPU.Build.0 = Release|Any CPU
	EndGlobalSection
	GlobalSection(SolutionProperties) = preSolution
		HideSolutionNode = FALSE
	EndGlobalSection
	GlobalSection(ExtensibilityGlobals) = postSolution
		SolutionGuid = {134B63AE-98D2-43B4-A026-60A3C9FEBAAA}
	EndGlobalSection
EndGlobal
